
Microsoft Visual Studio Solution File, Format Version 12.00
# Visual Studio Version 17
VisualStudioVersion = 17.13.35913.81 d17.13
MinimumVisualStudioVersion = 10.0.40219.1
Project("{FAE04EC0-301F-11D3-BF4B-00C04F79EFBC}") = "Proyecto_Conta", "Proyecto_Conta\Proyecto_Conta.csproj", "{46CDF228-63E7-4D93-91AF-E5DC72B19F9F}"
EndProject
Global
	GlobalSection(SolutionConfigurationPlatforms) = preSolution
		Debug|Any CPU = Debug|Any CPU
		Release|Any CPU = Release|Any CPU
	EndGlobalSection
	GlobalSection(ProjectConfigurationPlatforms) = postSolution
		{46CDF228-63E7-4D93-91AF-E5DC72B19F9F}.Debug|Any CPU.ActiveCfg = Debug|Any CPU
		{46CDF228-63E7-4D93-91AF-E5DC72B19F9F}.Debug|Any CPU.Build.0 = Debug|Any CPU
		{46CDF228-63E7-4D93-91AF-E5DC72B19F9F}.Release|Any CPU.ActiveCfg = Release|Any CPU
		{46CDF228-63E7-4D93-91AF-E5DC72B19F9F}.Release|Any CPU.Build.0 = Release|Any CPU
	EndGlobalSection
	GlobalSection(SolutionProperties) = preSolution
		HideSolutionNode = FALSE
	EndGlobalSection
	GlobalSection(ExtensibilityGlobals) = postSolution
		SolutionGuid = {357C75A2-BA8A-45F4-83E4-05EC9178A717}
	EndGlobalSection
EndGlobal
